
Microsoft Visual Studio Solution File, Format Version 12.00
# Visual Studio Version 17
VisualStudioVersion = 17.0.32014.148
MinimumVisualStudioVersion = 10.0.40219.1
Project("{FAE04EC0-301F-11D3-BF4B-00C04F79EFBC}") = "Week9ReadingFromFile", "Week9ReadingFromFile\Week9ReadingFromFile.csproj", "{7F09A3D8-E5AB-419A-8189-D3E98793EA58}"
EndProject
Global
	GlobalSection(SolutionConfigurationPlatforms) = preSolution
		Debug|Any CPU = Debug|Any CPU
		Release|Any CPU = Release|Any CPU
	EndGlobalSection
	GlobalSection(ProjectConfigurationPlatforms) = postSolution
		{7F09A3D8-E5AB-419A-8189-D3E98793EA58}.Debug|Any CPU.ActiveCfg = Debug|Any CPU
		{7F09A3D8-E5AB-419A-8189-D3E98793EA58}.Debug|Any CPU.Build.0 = Debug|Any CPU
		{7F09A3D8-E5AB-419A-8189-D3E98793EA58}.Release|Any CPU.ActiveCfg = Release|Any CPU
		{7F09A3D8-E5AB-419A-8189-D3E98793EA58}.Release|Any CPU.Build.0 = Release|Any CPU
	EndGlobalSection
	GlobalSection(SolutionProperties) = preSolution
		HideSolutionNode = FALSE
	EndGlobalSection
	GlobalSection(ExtensibilityGlobals) = postSolution
		SolutionGuid = {49172B9B-8A03-4951-A39E-C6AC5F526A39}
	EndGlobalSection
EndGlobal
